// !$*UTF8*$!
{
	archiveVersion = 1;
	classes = {
	};
	objectVersion = 52;
	objects = {

/* Begin PBXBuildFile section */
		2E32899326429A5800433C2C /* ChallengeListVC.swift in Sources */ = {isa = PBXBuildFile; fileRef = 2E32899226429A5800433C2C /* ChallengeListVC.swift */; };
		2E3289962642C4C500433C2C /* ChallengeCell.swift in Sources */ = {isa = PBXBuildFile; fileRef = 2E3289952642C4C500433C2C /* ChallengeCell.swift */; };
		2E32899B2642DE8900433C2C /* xmark.png in Resources */ = {isa = PBXBuildFile; fileRef = 2E32899A2642DE8900433C2C /* xmark.png */; };
		2E4F7A912663875F00A3B561 /* HabitDetailVM.swift in Sources */ = {isa = PBXBuildFile; fileRef = 2E4F7A902663875F00A3B561 /* HabitDetailVM.swift */; };
		2E4F7A952663D27000A3B561 /* HabitDetailVO.swift in Sources */ = {isa = PBXBuildFile; fileRef = 2E4F7A942663D27000A3B561 /* HabitDetailVO.swift */; };
		2E50A7B1263FDC9E0035C8E9 /* billgates.png in Resources */ = {isa = PBXBuildFile; fileRef = 2E50A7AF263FDB8B0035C8E9 /* billgates.png */; };
		2E662E5C263FD3CB00638E73 /* AppDelegate.swift in Sources */ = {isa = PBXBuildFile; fileRef = 2E662E5B263FD3CB00638E73 /* AppDelegate.swift */; };
		2E662E5E263FD3CB00638E73 /* SceneDelegate.swift in Sources */ = {isa = PBXBuildFile; fileRef = 2E662E5D263FD3CB00638E73 /* SceneDelegate.swift */; };
		2E662E60263FD3CB00638E73 /* HabitListVC.swift in Sources */ = {isa = PBXBuildFile; fileRef = 2E662E5F263FD3CB00638E73 /* HabitListVC.swift */; };
		2E662E63263FD3CB00638E73 /* Main.storyboard in Resources */ = {isa = PBXBuildFile; fileRef = 2E662E61263FD3CB00638E73 /* Main.storyboard */; };
		2E662E65263FD3CB00638E73 /* Assets.xcassets in Resources */ = {isa = PBXBuildFile; fileRef = 2E662E64263FD3CB00638E73 /* Assets.xcassets */; };
		2E662E68263FD3CB00638E73 /* LaunchScreen.storyboard in Resources */ = {isa = PBXBuildFile; fileRef = 2E662E66263FD3CB00638E73 /* LaunchScreen.storyboard */; };
		2E6BB0342660B9D800E6C609 /* RxCocoa in Frameworks */ = {isa = PBXBuildFile; productRef = 2E6BB0332660B9D800E6C609 /* RxCocoa */; };
		2E6BB0362660B9D800E6C609 /* RxRelay in Frameworks */ = {isa = PBXBuildFile; productRef = 2E6BB0352660B9D800E6C609 /* RxRelay */; };
		2E6BB0382660B9D800E6C609 /* RxSwift in Frameworks */ = {isa = PBXBuildFile; productRef = 2E6BB0372660B9D800E6C609 /* RxSwift */; };
		2E6BB03B2660B9E800E6C609 /* RxViewController in Frameworks */ = {isa = PBXBuildFile; productRef = 2E6BB03A2660B9E800E6C609 /* RxViewController */; };
		2E746F72265F7805009443AC /* ChallengeVO.swift in Sources */ = {isa = PBXBuildFile; fileRef = 2E746F71265F7805009443AC /* ChallengeVO.swift */; };
		2E746F77265F93D1009443AC /* API.swift in Sources */ = {isa = PBXBuildFile; fileRef = 2E746F76265F93D1009443AC /* API.swift */; };
		2E746F9C2660B645009443AC /* Alamofire in Frameworks */ = {isa = PBXBuildFile; productRef = 2E746F9B2660B645009443AC /* Alamofire */; };
		2E746FA02660B671009443AC /* Then in Frameworks */ = {isa = PBXBuildFile; productRef = 2E746F9F2660B671009443AC /* Then */; };
		2E746FA42660B6B4009443AC /* FSCalendar in Frameworks */ = {isa = PBXBuildFile; productRef = 2E746FA32660B6B4009443AC /* FSCalendar */; };
		2E746FA82660B6F7009443AC /* SnapKit in Frameworks */ = {isa = PBXBuildFile; productRef = 2E746FA72660B6F7009443AC /* SnapKit */; };
		2EB3B962263FD7D800CDD544 /* HabitCell.swift in Sources */ = {isa = PBXBuildFile; fileRef = 2EB3B961263FD7D800CDD544 /* HabitCell.swift */; };
		2EB3B965263FD80A00CDD544 /* Utils.swift in Sources */ = {isa = PBXBuildFile; fileRef = 2EB3B964263FD80A00CDD544 /* Utils.swift */; };
		2EC19FB2265F6955004FE527 /* HabitListVM.swift in Sources */ = {isa = PBXBuildFile; fileRef = 2EC19FB1265F6955004FE527 /* HabitListVM.swift */; };
		2EC84EBF2644F6760076FB28 /* HabitDetailVC.swift in Sources */ = {isa = PBXBuildFile; fileRef = 2EC84EBE2644F6760076FB28 /* HabitDetailVC.swift */; };
		2EC84EC626450F3F0076FB28 /* HabitVO.swift in Sources */ = {isa = PBXBuildFile; fileRef = 2EC84EC526450F3F0076FB28 /* HabitVO.swift */; };
		2EE18191266484D500132C7D /* WinnersHabitOAS in Frameworks */ = {isa = PBXBuildFile; productRef = 2EE18190266484D500132C7D /* WinnersHabitOAS */; };
/* End PBXBuildFile section */

/* Begin PBXFileReference section */
		2E32899226429A5800433C2C /* ChallengeListVC.swift */ = {isa = PBXFileReference; lastKnownFileType = sourcecode.swift; path = ChallengeListVC.swift; sourceTree = "<group>"; };
		2E3289952642C4C500433C2C /* ChallengeCell.swift */ = {isa = PBXFileReference; lastKnownFileType = sourcecode.swift; path = ChallengeCell.swift; sourceTree = "<group>"; };
		2E32899A2642DE8900433C2C /* xmark.png */ = {isa = PBXFileReference; lastKnownFileType = image.png; path = xmark.png; sourceTree = "<group>"; };
		2E4F7A902663875F00A3B561 /* HabitDetailVM.swift */ = {isa = PBXFileReference; lastKnownFileType = sourcecode.swift; path = HabitDetailVM.swift; sourceTree = "<group>"; };
		2E4F7A942663D27000A3B561 /* HabitDetailVO.swift */ = {isa = PBXFileReference; lastKnownFileType = sourcecode.swift; path = HabitDetailVO.swift; sourceTree = "<group>"; };
		2E50A7A2263FDAC20035C8E9 /* OpenAPI */ = {isa = PBXFileReference; lastKnownFileType = folder; path = OpenAPI; sourceTree = "<group>"; };
		2E50A7AF263FDB8B0035C8E9 /* billgates.png */ = {isa = PBXFileReference; lastKnownFileType = image.png; path = billgates.png; sourceTree = "<group>"; };
		2E662E58263FD3CB00638E73 /* Winners Habit.app */ = {isa = PBXFileReference; explicitFileType = wrapper.application; includeInIndex = 0; path = "Winners Habit.app"; sourceTree = BUILT_PRODUCTS_DIR; };
		2E662E5B263FD3CB00638E73 /* AppDelegate.swift */ = {isa = PBXFileReference; lastKnownFileType = sourcecode.swift; path = AppDelegate.swift; sourceTree = "<group>"; };
		2E662E5D263FD3CB00638E73 /* SceneDelegate.swift */ = {isa = PBXFileReference; lastKnownFileType = sourcecode.swift; path = SceneDelegate.swift; sourceTree = "<group>"; };
		2E662E5F263FD3CB00638E73 /* HabitListVC.swift */ = {isa = PBXFileReference; lastKnownFileType = sourcecode.swift; path = HabitListVC.swift; sourceTree = "<group>"; };
		2E662E62263FD3CB00638E73 /* Base */ = {isa = PBXFileReference; lastKnownFileType = file.storyboard; name = Base; path = Base.lproj/Main.storyboard; sourceTree = "<group>"; };
		2E662E64263FD3CB00638E73 /* Assets.xcassets */ = {isa = PBXFileReference; lastKnownFileType = folder.assetcatalog; path = Assets.xcassets; sourceTree = "<group>"; };
		2E662E67263FD3CB00638E73 /* Base */ = {isa = PBXFileReference; lastKnownFileType = file.storyboard; name = Base; path = Base.lproj/LaunchScreen.storyboard; sourceTree = "<group>"; };
		2E662E69263FD3CB00638E73 /* Info.plist */ = {isa = PBXFileReference; lastKnownFileType = text.plist.xml; path = Info.plist; sourceTree = "<group>"; };
		2E746F71265F7805009443AC /* ChallengeVO.swift */ = {isa = PBXFileReference; lastKnownFileType = sourcecode.swift; path = ChallengeVO.swift; sourceTree = "<group>"; };
		2E746F76265F93D1009443AC /* API.swift */ = {isa = PBXFileReference; lastKnownFileType = sourcecode.swift; path = API.swift; sourceTree = "<group>"; };
		2EB3B961263FD7D800CDD544 /* HabitCell.swift */ = {isa = PBXFileReference; lastKnownFileType = sourcecode.swift; path = HabitCell.swift; sourceTree = "<group>"; };
		2EB3B964263FD80A00CDD544 /* Utils.swift */ = {isa = PBXFileReference; lastKnownFileType = sourcecode.swift; path = Utils.swift; sourceTree = "<group>"; };
		2EC19FB1265F6955004FE527 /* HabitListVM.swift */ = {isa = PBXFileReference; lastKnownFileType = sourcecode.swift; path = HabitListVM.swift; sourceTree = "<group>"; };
		2EC84EBE2644F6760076FB28 /* HabitDetailVC.swift */ = {isa = PBXFileReference; lastKnownFileType = sourcecode.swift; path = HabitDetailVC.swift; sourceTree = "<group>"; };
		2EC84EC526450F3F0076FB28 /* HabitVO.swift */ = {isa = PBXFileReference; lastKnownFileType = sourcecode.swift; path = HabitVO.swift; sourceTree = "<group>"; };
/* End PBXFileReference section */

/* Begin PBXFrameworksBuildPhase section */
		2E662E55263FD3CB00638E73 /* Frameworks */ = {
			isa = PBXFrameworksBuildPhase;
			buildActionMask = 2147483647;
			files = (
				2EE18191266484D500132C7D /* WinnersHabitOAS in Frameworks */,
				2E6BB0342660B9D800E6C609 /* RxCocoa in Frameworks */,
				2E746F9C2660B645009443AC /* Alamofire in Frameworks */,
				2E6BB0362660B9D800E6C609 /* RxRelay in Frameworks */,
				2E6BB03B2660B9E800E6C609 /* RxViewController in Frameworks */,
				2E746FA02660B671009443AC /* Then in Frameworks */,
				2E746FA42660B6B4009443AC /* FSCalendar in Frameworks */,
				2E6BB0382660B9D800E6C609 /* RxSwift in Frameworks */,
				2E746FA82660B6F7009443AC /* SnapKit in Frameworks */,
			);
			runOnlyForDeploymentPostprocessing = 0;
		};
/* End PBXFrameworksBuildPhase section */

/* Begin PBXGroup section */
		2E4F7A8F266386E900A3B561 /* ViewModels */ = {
			isa = PBXGroup;
			children = (
				2EC19FB1265F6955004FE527 /* HabitListVM.swift */,
				2E4F7A902663875F00A3B561 /* HabitDetailVM.swift */,
			);
			path = ViewModels;
			sourceTree = "<group>";
		};
		2E50A7AE263FDB8B0035C8E9 /* Resources */ = {
			isa = PBXGroup;
			children = (
				2E50A7AF263FDB8B0035C8E9 /* billgates.png */,
				2E32899A2642DE8900433C2C /* xmark.png */,
			);
			path = Resources;
			sourceTree = "<group>";
		};
		2E662E4F263FD3CB00638E73 = {
			isa = PBXGroup;
			children = (
				2E50A7AE263FDB8B0035C8E9 /* Resources */,
				2E50A7A2263FDAC20035C8E9 /* OpenAPI */,
				2E662E5A263FD3CB00638E73 /* Winners Habit */,
				2E662E59263FD3CB00638E73 /* Products */,
				2E6BB0322660B9D800E6C609 /* Frameworks */,
			);
			sourceTree = "<group>";
		};
		2E662E59263FD3CB00638E73 /* Products */ = {
			isa = PBXGroup;
			children = (
				2E662E58263FD3CB00638E73 /* Winners Habit.app */,
			);
			name = Products;
			sourceTree = "<group>";
		};
		2E662E5A263FD3CB00638E73 /* Winners Habit */ = {
			isa = PBXGroup;
			children = (
				2E4F7A8F266386E900A3B561 /* ViewModels */,
				2EC19FAE265F6835004FE527 /* Utils */,
				2EC19FA9265F67E5004FE527 /* Views */,
				2EC19FAC265F67EA004FE527 /* Models */,
				2EC19FA8265F67DD004FE527 /* App */,
				2E662E69263FD3CB00638E73 /* Info.plist */,
			);
			path = "Winners Habit";
			sourceTree = "<group>";
		};
		2E6BB0322660B9D800E6C609 /* Frameworks */ = {
			isa = PBXGroup;
			children = (
			);
			name = Frameworks;
			sourceTree = "<group>";
		};
		2EC19FA8265F67DD004FE527 /* App */ = {
			isa = PBXGroup;
			children = (
				2E662E5B263FD3CB00638E73 /* AppDelegate.swift */,
				2E662E5D263FD3CB00638E73 /* SceneDelegate.swift */,
				2E662E61263FD3CB00638E73 /* Main.storyboard */,
				2E662E64263FD3CB00638E73 /* Assets.xcassets */,
				2E662E66263FD3CB00638E73 /* LaunchScreen.storyboard */,
			);
			path = App;
			sourceTree = "<group>";
		};
		2EC19FA9265F67E5004FE527 /* Views */ = {
			isa = PBXGroup;
			children = (
				2EC19FB7265F6989004FE527 /* ChallengeList */,
				2EC19FB6265F697A004FE527 /* HabitDetail */,
				2EC19FB5265F696B004FE527 /* HabitList */,
			);
			path = Views;
			sourceTree = "<group>";
		};
		2EC19FAC265F67EA004FE527 /* Models */ = {
			isa = PBXGroup;
			children = (
				2EC19FB8265F69B4004FE527 /* Services */,
				2EC84EC526450F3F0076FB28 /* HabitVO.swift */,
				2E746F71265F7805009443AC /* ChallengeVO.swift */,
				2E4F7A942663D27000A3B561 /* HabitDetailVO.swift */,
			);
			path = Models;
			sourceTree = "<group>";
		};
		2EC19FAE265F6835004FE527 /* Utils */ = {
			isa = PBXGroup;
			children = (
				2EB3B964263FD80A00CDD544 /* Utils.swift */,
			);
			path = Utils;
			sourceTree = "<group>";
		};
		2EC19FB5265F696B004FE527 /* HabitList */ = {
			isa = PBXGroup;
			children = (
				2EB3B961263FD7D800CDD544 /* HabitCell.swift */,
				2E662E5F263FD3CB00638E73 /* HabitListVC.swift */,
			);
			path = HabitList;
			sourceTree = "<group>";
		};
		2EC19FB6265F697A004FE527 /* HabitDetail */ = {
			isa = PBXGroup;
			children = (
				2EC84EBE2644F6760076FB28 /* HabitDetailVC.swift */,
			);
			path = HabitDetail;
			sourceTree = "<group>";
		};
		2EC19FB7265F6989004FE527 /* ChallengeList */ = {
			isa = PBXGroup;
			children = (
				2E3289952642C4C500433C2C /* ChallengeCell.swift */,
				2E32899226429A5800433C2C /* ChallengeListVC.swift */,
			);
			path = ChallengeList;
			sourceTree = "<group>";
		};
		2EC19FB8265F69B4004FE527 /* Services */ = {
			isa = PBXGroup;
			children = (
				2E746F76265F93D1009443AC /* API.swift */,
			);
			path = Services;
			sourceTree = "<group>";
		};
/* End PBXGroup section */

/* Begin PBXNativeTarget section */
		2E662E57263FD3CB00638E73 /* Winners Habit */ = {
			isa = PBXNativeTarget;
			buildConfigurationList = 2E662E6C263FD3CB00638E73 /* Build configuration list for PBXNativeTarget "Winners Habit" */;
			buildPhases = (
				2E32898826427C5C00433C2C /* ShellScript */,
				2E662E54263FD3CB00638E73 /* Sources */,
				2E662E55263FD3CB00638E73 /* Frameworks */,
				2E662E56263FD3CB00638E73 /* Resources */,
			);
			buildRules = (
			);
			dependencies = (
				2EE1818C266483F300132C7D /* PBXTargetDependency */,
			);
			name = "Winners Habit";
			packageProductDependencies = (
				2E746F9B2660B645009443AC /* Alamofire */,
				2E746F9F2660B671009443AC /* Then */,
				2E746FA32660B6B4009443AC /* FSCalendar */,
				2E746FA72660B6F7009443AC /* SnapKit */,
				2E6BB0332660B9D800E6C609 /* RxCocoa */,
				2E6BB0352660B9D800E6C609 /* RxRelay */,
				2E6BB0372660B9D800E6C609 /* RxSwift */,
				2E6BB03A2660B9E800E6C609 /* RxViewController */,
				2EE18190266484D500132C7D /* WinnersHabitOAS */,
			);
			productName = "Winners Habit";
			productReference = 2E662E58263FD3CB00638E73 /* Winners Habit.app */;
			productType = "com.apple.product-type.application";
		};
/* End PBXNativeTarget section */

/* Begin PBXProject section */
		2E662E50263FD3CB00638E73 /* Project object */ = {
			isa = PBXProject;
			attributes = {
				LastSwiftUpdateCheck = 1240;
				LastUpgradeCheck = 1240;
				TargetAttributes = {
					2E662E57263FD3CB00638E73 = {
						CreatedOnToolsVersion = 12.4;
					};
				};
			};
			buildConfigurationList = 2E662E53263FD3CB00638E73 /* Build configuration list for PBXProject "Winners Habit" */;
			compatibilityVersion = "Xcode 9.3";
			developmentRegion = en;
			hasScannedForEncodings = 0;
			knownRegions = (
				en,
				Base,
			);
			mainGroup = 2E662E4F263FD3CB00638E73;
			packageReferences = (
				2E746F8E2660B595009443AC /* XCRemoteSwiftPackageReference "RxSwift" */,
				2E746F9A2660B645009443AC /* XCRemoteSwiftPackageReference "Alamofire" */,
				2E746F9E2660B671009443AC /* XCRemoteSwiftPackageReference "Then" */,
				2E746FA22660B6B4009443AC /* XCRemoteSwiftPackageReference "FSCalendar" */,
				2E746FA62660B6F7009443AC /* XCRemoteSwiftPackageReference "SnapKit" */,
				2E746FAA2660B787009443AC /* XCRemoteSwiftPackageReference "RxViewController" */,
			);
			productRefGroup = 2E662E59263FD3CB00638E73 /* Products */;
			projectDirPath = "";
			projectRoot = "";
			targets = (
				2E662E57263FD3CB00638E73 /* Winners Habit */,
			);
		};
/* End PBXProject section */

/* Begin PBXResourcesBuildPhase section */
		2E662E56263FD3CB00638E73 /* Resources */ = {
			isa = PBXResourcesBuildPhase;
			buildActionMask = 2147483647;
			files = (
				2E50A7B1263FDC9E0035C8E9 /* billgates.png in Resources */,
				2E662E68263FD3CB00638E73 /* LaunchScreen.storyboard in Resources */,
				2E662E65263FD3CB00638E73 /* Assets.xcassets in Resources */,
				2E32899B2642DE8900433C2C /* xmark.png in Resources */,
				2E662E63263FD3CB00638E73 /* Main.storyboard in Resources */,
			);
			runOnlyForDeploymentPostprocessing = 0;
		};
/* End PBXResourcesBuildPhase section */

/* Begin PBXShellScriptBuildPhase section */
		2E32898826427C5C00433C2C /* ShellScript */ = {
			isa = PBXShellScriptBuildPhase;
			buildActionMask = 2147483647;
			files = (
			);
			inputFileListPaths = (
			);
			inputPaths = (
			);
			outputFileListPaths = (
			);
			outputPaths = (
			);
			runOnlyForDeploymentPostprocessing = 0;
			shellPath = /bin/sh;
			shellScript = "# Type a script or drag a script file from your workspace to insert its path.\n\n# open api generator\n# generate by oas.yaml in local directory - ../Dev/oas/oas.yaml\n# openapi-generator generate -i /Users/donghochoi/Documents/Dev/iOS/Project-WinnersHabit/oas/oas.yaml -g swift5 -o /Users/donghochoi/Documents/Dev/iOS/Project-WinnersHabit/Winners\\ Habit/OpenAPI -p=responseAs=RxSwift\n\n";
		};
/* End PBXShellScriptBuildPhase section */

/* Begin PBXSourcesBuildPhase section */
		2E662E54263FD3CB00638E73 /* Sources */ = {
			isa = PBXSourcesBuildPhase;
			buildActionMask = 2147483647;
			files = (
				2E746F72265F7805009443AC /* ChallengeVO.swift in Sources */,
				2EB3B965263FD80A00CDD544 /* Utils.swift in Sources */,
				2E3289962642C4C500433C2C /* ChallengeCell.swift in Sources */,
				2EC84EBF2644F6760076FB28 /* HabitDetailVC.swift in Sources */,
				2E4F7A952663D27000A3B561 /* HabitDetailVO.swift in Sources */,
				2E662E60263FD3CB00638E73 /* HabitListVC.swift in Sources */,
				2E662E5C263FD3CB00638E73 /* AppDelegate.swift in Sources */,
				2EC19FB2265F6955004FE527 /* HabitListVM.swift in Sources */,
				2EC84EC626450F3F0076FB28 /* HabitVO.swift in Sources */,
				2E32899326429A5800433C2C /* ChallengeListVC.swift in Sources */,
				2EB3B962263FD7D800CDD544 /* HabitCell.swift in Sources */,
				2E746F77265F93D1009443AC /* API.swift in Sources */,
				2E662E5E263FD3CB00638E73 /* SceneDelegate.swift in Sources */,
				2E4F7A912663875F00A3B561 /* HabitDetailVM.swift in Sources */,
			);
			runOnlyForDeploymentPostprocessing = 0;
		};
/* End PBXSourcesBuildPhase section */

/* Begin PBXTargetDependency section */
		2EE1818C266483F300132C7D /* PBXTargetDependency */ = {
			isa = PBXTargetDependency;
			productRef = 2EE1818B266483F300132C7D /* WinnersHabitOAS */;
		};
/* End PBXTargetDependency section */

/* Begin PBXVariantGroup section */
		2E662E61263FD3CB00638E73 /* Main.storyboard */ = {
			isa = PBXVariantGroup;
			children = (
				2E662E62263FD3CB00638E73 /* Base */,
			);
			name = Main.storyboard;
			sourceTree = "<group>";
		};
		2E662E66263FD3CB00638E73 /* LaunchScreen.storyboard */ = {
			isa = PBXVariantGroup;
			children = (
				2E662E67263FD3CB00638E73 /* Base */,
			);
			name = LaunchScreen.storyboard;
			sourceTree = "<group>";
		};
/* End PBXVariantGroup section */

/* Begin XCBuildConfiguration section */
		2E662E6A263FD3CB00638E73 /* Debug */ = {
			isa = XCBuildConfiguration;
			buildSettings = {
				ALWAYS_SEARCH_USER_PATHS = NO;
				CLANG_ANALYZER_NONNULL = YES;
				CLANG_ANALYZER_NUMBER_OBJECT_CONVERSION = YES_AGGRESSIVE;
				CLANG_CXX_LANGUAGE_STANDARD = "gnu++14";
				CLANG_CXX_LIBRARY = "libc++";
				CLANG_ENABLE_MODULES = YES;
				CLANG_ENABLE_OBJC_ARC = YES;
				CLANG_ENABLE_OBJC_WEAK = YES;
				CLANG_WARN_BLOCK_CAPTURE_AUTORELEASING = YES;
				CLANG_WARN_BOOL_CONVERSION = YES;
				CLANG_WARN_COMMA = YES;
				CLANG_WARN_CONSTANT_CONVERSION = YES;
				CLANG_WARN_DEPRECATED_OBJC_IMPLEMENTATIONS = YES;
				CLANG_WARN_DIRECT_OBJC_ISA_USAGE = YES_ERROR;
				CLANG_WARN_DOCUMENTATION_COMMENTS = YES;
				CLANG_WARN_EMPTY_BODY = YES;
				CLANG_WARN_ENUM_CONVERSION = YES;
				CLANG_WARN_INFINITE_RECURSION = YES;
				CLANG_WARN_INT_CONVERSION = YES;
				CLANG_WARN_NON_LITERAL_NULL_CONVERSION = YES;
				CLANG_WARN_OBJC_IMPLICIT_RETAIN_SELF = YES;
				CLANG_WARN_OBJC_LITERAL_CONVERSION = YES;
				CLANG_WARN_OBJC_ROOT_CLASS = YES_ERROR;
				CLANG_WARN_QUOTED_INCLUDE_IN_FRAMEWORK_HEADER = YES;
				CLANG_WARN_RANGE_LOOP_ANALYSIS = YES;
				CLANG_WARN_STRICT_PROTOTYPES = YES;
				CLANG_WARN_SUSPICIOUS_MOVE = YES;
				CLANG_WARN_UNGUARDED_AVAILABILITY = YES_AGGRESSIVE;
				CLANG_WARN_UNREACHABLE_CODE = YES;
				CLANG_WARN__DUPLICATE_METHOD_MATCH = YES;
				COPY_PHASE_STRIP = NO;
				DEBUG_INFORMATION_FORMAT = dwarf;
				ENABLE_STRICT_OBJC_MSGSEND = YES;
				ENABLE_TESTABILITY = YES;
				GCC_C_LANGUAGE_STANDARD = gnu11;
				GCC_DYNAMIC_NO_PIC = NO;
				GCC_NO_COMMON_BLOCKS = YES;
				GCC_OPTIMIZATION_LEVEL = 0;
				GCC_PREPROCESSOR_DEFINITIONS = (
					"DEBUG=1",
					"$(inherited)",
				);
				GCC_WARN_64_TO_32_BIT_CONVERSION = YES;
				GCC_WARN_ABOUT_RETURN_TYPE = YES_ERROR;
				GCC_WARN_UNDECLARED_SELECTOR = YES;
				GCC_WARN_UNINITIALIZED_AUTOS = YES_AGGRESSIVE;
				GCC_WARN_UNUSED_FUNCTION = YES;
				GCC_WARN_UNUSED_VARIABLE = YES;
				IPHONEOS_DEPLOYMENT_TARGET = 14.4;
				MTL_ENABLE_DEBUG_INFO = INCLUDE_SOURCE;
				MTL_FAST_MATH = YES;
				ONLY_ACTIVE_ARCH = YES;
				SDKROOT = iphoneos;
				SWIFT_ACTIVE_COMPILATION_CONDITIONS = DEBUG;
				SWIFT_OPTIMIZATION_LEVEL = "-Onone";
			};
			name = Debug;
		};
		2E662E6B263FD3CB00638E73 /* Release */ = {
			isa = XCBuildConfiguration;
			buildSettings = {
				ALWAYS_SEARCH_USER_PATHS = NO;
				CLANG_ANALYZER_NONNULL = YES;
				CLANG_ANALYZER_NUMBER_OBJECT_CONVERSION = YES_AGGRESSIVE;
				CLANG_CXX_LANGUAGE_STANDARD = "gnu++14";
				CLANG_CXX_LIBRARY = "libc++";
				CLANG_ENABLE_MODULES = YES;
				CLANG_ENABLE_OBJC_ARC = YES;
				CLANG_ENABLE_OBJC_WEAK = YES;
				CLANG_WARN_BLOCK_CAPTURE_AUTORELEASING = YES;
				CLANG_WARN_BOOL_CONVERSION = YES;
				CLANG_WARN_COMMA = YES;
				CLANG_WARN_CONSTANT_CONVERSION = YES;
				CLANG_WARN_DEPRECATED_OBJC_IMPLEMENTATIONS = YES;
				CLANG_WARN_DIRECT_OBJC_ISA_USAGE = YES_ERROR;
				CLANG_WARN_DOCUMENTATION_COMMENTS = YES;
				CLANG_WARN_EMPTY_BODY = YES;
				CLANG_WARN_ENUM_CONVERSION = YES;
				CLANG_WARN_INFINITE_RECURSION = YES;
				CLANG_WARN_INT_CONVERSION = YES;
				CLANG_WARN_NON_LITERAL_NULL_CONVERSION = YES;
				CLANG_WARN_OBJC_IMPLICIT_RETAIN_SELF = YES;
				CLANG_WARN_OBJC_LITERAL_CONVERSION = YES;
				CLANG_WARN_OBJC_ROOT_CLASS = YES_ERROR;
				CLANG_WARN_QUOTED_INCLUDE_IN_FRAMEWORK_HEADER = YES;
				CLANG_WARN_RANGE_LOOP_ANALYSIS = YES;
				CLANG_WARN_STRICT_PROTOTYPES = YES;
				CLANG_WARN_SUSPICIOUS_MOVE = YES;
				CLANG_WARN_UNGUARDED_AVAILABILITY = YES_AGGRESSIVE;
				CLANG_WARN_UNREACHABLE_CODE = YES;
				CLANG_WARN__DUPLICATE_METHOD_MATCH = YES;
				COPY_PHASE_STRIP = NO;
				DEBUG_INFORMATION_FORMAT = "dwarf-with-dsym";
				ENABLE_NS_ASSERTIONS = NO;
				ENABLE_STRICT_OBJC_MSGSEND = YES;
				GCC_C_LANGUAGE_STANDARD = gnu11;
				GCC_NO_COMMON_BLOCKS = YES;
				GCC_WARN_64_TO_32_BIT_CONVERSION = YES;
				GCC_WARN_ABOUT_RETURN_TYPE = YES_ERROR;
				GCC_WARN_UNDECLARED_SELECTOR = YES;
				GCC_WARN_UNINITIALIZED_AUTOS = YES_AGGRESSIVE;
				GCC_WARN_UNUSED_FUNCTION = YES;
				GCC_WARN_UNUSED_VARIABLE = YES;
				IPHONEOS_DEPLOYMENT_TARGET = 14.4;
				MTL_ENABLE_DEBUG_INFO = NO;
				MTL_FAST_MATH = YES;
				SDKROOT = iphoneos;
				SWIFT_COMPILATION_MODE = wholemodule;
				SWIFT_OPTIMIZATION_LEVEL = "-O";
				VALIDATE_PRODUCT = YES;
			};
			name = Release;
		};
		2E662E6D263FD3CB00638E73 /* Debug */ = {
			isa = XCBuildConfiguration;
			buildSettings = {
				ASSETCATALOG_COMPILER_APPICON_NAME = AppIcon;
				ASSETCATALOG_COMPILER_GLOBAL_ACCENT_COLOR_NAME = AccentColor;
				CODE_SIGN_STYLE = Automatic;
				DEVELOPMENT_TEAM = 5MH59JUUSZ;
				INFOPLIST_FILE = "Winners Habit/Info.plist";
				LD_RUNPATH_SEARCH_PATHS = (
					"$(inherited)",
					"@executable_path/Frameworks",
				);
				PRODUCT_BUNDLE_IDENTIFIER = "wave.Winners-Habit";
				PRODUCT_NAME = "$(TARGET_NAME)";
				SWIFT_VERSION = 5.0;
				TARGETED_DEVICE_FAMILY = "1,2";
			};
			name = Debug;
		};
		2E662E6E263FD3CB00638E73 /* Release */ = {
			isa = XCBuildConfiguration;
			buildSettings = {
				ASSETCATALOG_COMPILER_APPICON_NAME = AppIcon;
				ASSETCATALOG_COMPILER_GLOBAL_ACCENT_COLOR_NAME = AccentColor;
				CODE_SIGN_STYLE = Automatic;
				DEVELOPMENT_TEAM = 5MH59JUUSZ;
				INFOPLIST_FILE = "Winners Habit/Info.plist";
				LD_RUNPATH_SEARCH_PATHS = (
					"$(inherited)",
					"@executable_path/Frameworks",
				);
				PRODUCT_BUNDLE_IDENTIFIER = "wave.Winners-Habit";
				PRODUCT_NAME = "$(TARGET_NAME)";
				SWIFT_VERSION = 5.0;
				TARGETED_DEVICE_FAMILY = "1,2";
			};
			name = Release;
		};
/* End XCBuildConfiguration section */

/* Begin XCConfigurationList section */
		2E662E53263FD3CB00638E73 /* Build configuration list for PBXProject "Winners Habit" */ = {
			isa = XCConfigurationList;
			buildConfigurations = (
				2E662E6A263FD3CB00638E73 /* Debug */,
				2E662E6B263FD3CB00638E73 /* Release */,
			);
			defaultConfigurationIsVisible = 0;
			defaultConfigurationName = Release;
		};
		2E662E6C263FD3CB00638E73 /* Build configuration list for PBXNativeTarget "Winners Habit" */ = {
			isa = XCConfigurationList;
			buildConfigurations = (
				2E662E6D263FD3CB00638E73 /* Debug */,
				2E662E6E263FD3CB00638E73 /* Release */,
			);
			defaultConfigurationIsVisible = 0;
			defaultConfigurationName = Release;
		};
/* End XCConfigurationList section */

/* Begin XCRemoteSwiftPackageReference section */
		2E746F8E2660B595009443AC /* XCRemoteSwiftPackageReference "RxSwift" */ = {
			isa = XCRemoteSwiftPackageReference;
			repositoryURL = "https://github.com/ReactiveX/RxSwift.git";
			requirement = {
				kind = upToNextMajorVersion;
				minimumVersion = 5.0.0;
			};
		};
		2E746F9A2660B645009443AC /* XCRemoteSwiftPackageReference "Alamofire" */ = {
			isa = XCRemoteSwiftPackageReference;
			repositoryURL = "https://github.com/Alamofire/Alamofire.git";
			requirement = {
				kind = upToNextMajorVersion;
				minimumVersion = 5.4.3;
			};
		};
		2E746F9E2660B671009443AC /* XCRemoteSwiftPackageReference "Then" */ = {
			isa = XCRemoteSwiftPackageReference;
			repositoryURL = "https://github.com/devxoul/Then.git";
			requirement = {
				kind = upToNextMajorVersion;
				minimumVersion = 2.7.0;
			};
		};
		2E746FA22660B6B4009443AC /* XCRemoteSwiftPackageReference "FSCalendar" */ = {
			isa = XCRemoteSwiftPackageReference;
			repositoryURL = "https://github.com/WenchaoD/FSCalendar.git";
			requirement = {
				kind = upToNextMajorVersion;
				minimumVersion = 2.8.2;
			};
		};
		2E746FA62660B6F7009443AC /* XCRemoteSwiftPackageReference "SnapKit" */ = {
			isa = XCRemoteSwiftPackageReference;
			repositoryURL = "https://github.com/SnapKit/SnapKit.git";
			requirement = {
				kind = upToNextMajorVersion;
				minimumVersion = 5.0.1;
			};
		};
		2E746FAA2660B787009443AC /* XCRemoteSwiftPackageReference "RxViewController" */ = {
			isa = XCRemoteSwiftPackageReference;
			repositoryURL = "https://github.com/devxoul/RxViewController.git";
			requirement = {
				kind = upToNextMajorVersion;
				minimumVersion = 1.0.0;
			};
		};
/* End XCRemoteSwiftPackageReference section */

/* Begin XCSwiftPackageProductDependency section */
		2E6BB0332660B9D800E6C609 /* RxCocoa */ = {
			isa = XCSwiftPackageProductDependency;
			package = 2E746F8E2660B595009443AC /* XCRemoteSwiftPackageReference "RxSwift" */;
			productName = RxCocoa;
		};
		2E6BB0352660B9D800E6C609 /* RxRelay */ = {
			isa = XCSwiftPackageProductDependency;
			package = 2E746F8E2660B595009443AC /* XCRemoteSwiftPackageReference "RxSwift" */;
			productName = RxRelay;
		};
		2E6BB0372660B9D800E6C609 /* RxSwift */ = {
			isa = XCSwiftPackageProductDependency;
			package = 2E746F8E2660B595009443AC /* XCRemoteSwiftPackageReference "RxSwift" */;
			productName = RxSwift;
		};
		2E6BB03A2660B9E800E6C609 /* RxViewController */ = {
			isa = XCSwiftPackageProductDependency;
			package = 2E746FAA2660B787009443AC /* XCRemoteSwiftPackageReference "RxViewController" */;
			productName = RxViewController;
		};
		2E746F9B2660B645009443AC /* Alamofire */ = {
			isa = XCSwiftPackageProductDependency;
			package = 2E746F9A2660B645009443AC /* XCRemoteSwiftPackageReference "Alamofire" */;
			productName = Alamofire;
		};
		2E746F9F2660B671009443AC /* Then */ = {
			isa = XCSwiftPackageProductDependency;
			package = 2E746F9E2660B671009443AC /* XCRemoteSwiftPackageReference "Then" */;
			productName = Then;
		};
		2E746FA32660B6B4009443AC /* FSCalendar */ = {
			isa = XCSwiftPackageProductDependency;
			package = 2E746FA22660B6B4009443AC /* XCRemoteSwiftPackageReference "FSCalendar" */;
			productName = FSCalendar;
		};
		2E746FA72660B6F7009443AC /* SnapKit */ = {
			isa = XCSwiftPackageProductDependency;
			package = 2E746FA62660B6F7009443AC /* XCRemoteSwiftPackageReference "SnapKit" */;
			productName = SnapKit;
		};
		2EE1818B266483F300132C7D /* WinnersHabitOAS */ = {
			isa = XCSwiftPackageProductDependency;
			productName = WinnersHabitOAS;
		};
		2EE18190266484D500132C7D /* WinnersHabitOAS */ = {
			isa = XCSwiftPackageProductDependency;
			productName = WinnersHabitOAS;
		};
/* End XCSwiftPackageProductDependency section */
	};
	rootObject = 2E662E50263FD3CB00638E73 /* Project object */;
}
